
Microsoft Visual Studio Solution File, Format Version 12.00
# Visual Studio Version 17
VisualStudioVersion = 17.10.34916.146
MinimumVisualStudioVersion = 10.0.40219.1
Project("{FAE04EC0-301F-11D3-BF4B-00C04F79EFBC}") = "LinqPractice", "LinqPractice\LinqPractice.csproj", "{35C0AA8D-D385-4D46-9274-792FF02DB635}"
EndProject
Global
	GlobalSection(SolutionConfigurationPlatforms) = preSolution
		Debug|Any CPU = Debug|Any CPU
		Release|Any CPU = Release|Any CPU
	EndGlobalSection
	GlobalSection(ProjectConfigurationPlatforms) = postSolution
		{35C0AA8D-D385-4D46-9274-792FF02DB635}.Debug|Any CPU.ActiveCfg = Debug|Any CPU
		{35C0AA8D-D385-4D46-9274-792FF02DB635}.Debug|Any CPU.Build.0 = Debug|Any CPU
		{35C0AA8D-D385-4D46-9274-792FF02DB635}.Release|Any CPU.ActiveCfg = Release|Any CPU
		{35C0AA8D-D385-4D46-9274-792FF02DB635}.Release|Any CPU.Build.0 = Release|Any CPU
	EndGlobalSection
	GlobalSection(SolutionProperties) = preSolution
		HideSolutionNode = FALSE
	EndGlobalSection
	GlobalSection(ExtensibilityGlobals) = postSolution
		SolutionGuid = {F2A67CAA-6237-4D82-A78E-4423AEF28321}
	EndGlobalSection
EndGlobal
